
Microsoft Visual Studio Solution File, Format Version 12.00
# Visual Studio 15
VisualStudioVersion = 15.0.28307.902
MinimumVisualStudioVersion = 10.0.40219.1
Project("{FAE04EC0-301F-11D3-BF4B-00C04F79EFBC}") = "Lab3Server", "Lab3Server\Lab3Server.csproj", "{DE01C58E-7D3B-4F12-A73B-59848589E213}"
EndProject
Global
	GlobalSection(SolutionConfigurationPlatforms) = preSolution
		Debug|Any CPU = Debug|Any CPU
		Release|Any CPU = Release|Any CPU
	EndGlobalSection
	GlobalSection(ProjectConfigurationPlatforms) = postSolution
		{DE01C58E-7D3B-4F12-A73B-59848589E213}.Debug|Any CPU.ActiveCfg = Debug|Any CPU
		{DE01C58E-7D3B-4F12-A73B-59848589E213}.Debug|Any CPU.Build.0 = Debug|Any CPU
		{DE01C58E-7D3B-4F12-A73B-59848589E213}.Release|Any CPU.ActiveCfg = Release|Any CPU
		{DE01C58E-7D3B-4F12-A73B-59848589E213}.Release|Any CPU.Build.0 = Release|Any CPU
	EndGlobalSection
	GlobalSection(SolutionProperties) = preSolution
		HideSolutionNode = FALSE
	EndGlobalSection
	GlobalSection(ExtensibilityGlobals) = postSolution
		SolutionGuid = {D5925923-07A5-489F-B9A8-64BC39F3C8C5}
	EndGlobalSection
EndGlobal
